# Feature 006 T060 — golden lock file.
# SHA-256 of the extracted safety check JS (via `_emit_safety_js '#target'`).
# Any mismatch fails the test run until regeneration ceremony is performed.
#
# Regenerate with: scripts/regenerate-goldens.sh

safety_js_sha256=31d87b1dd729d0e93260bf08b8ef503d500aaed9d18c83a3084ebb236cf0ccd9
safety_js_selector_stub=#target
